
Microsoft Visual Studio Solution File, Format Version 12.00
# Visual Studio Version 17
VisualStudioVersion = 17.0.31903.59
MinimumVisualStudioVersion = 10.0.40219.1
Project("{FAE04EC0-301F-11D3-BF4B-00C04F79EFBC}") = "Almacen.Aplicacion", "Almacen.Aplicacion\Almacen.Aplicacion.csproj", "{41D4B4E2-EC86-4CC3-BC32-05D4252650A5}"
EndProject
Project("{FAE04EC0-301F-11D3-BF4B-00C04F79EFBC}") = "Almacen.Consola", "Almacen.Consola\Almacen.Consola.csproj", "{E66315DD-CED0-4B34-A092-80B5852A37DF}"
EndProject
Project("{FAE04EC0-301F-11D3-BF4B-00C04F79EFBC}") = "Almacen.Repositorio", "Almacen.Repositorio\Almacen.Repositorio.csproj", "{3E2A3B10-91FC-4BA9-B606-E47A66792C67}"
EndProject
Global
	GlobalSection(SolutionConfigurationPlatforms) = preSolution
		Debug|Any CPU = Debug|Any CPU
		Release|Any CPU = Release|Any CPU
	EndGlobalSection
	GlobalSection(SolutionProperties) = preSolution
		HideSolutionNode = FALSE
	EndGlobalSection
	GlobalSection(ProjectConfigurationPlatforms) = postSolution
		{41D4B4E2-EC86-4CC3-BC32-05D4252650A5}.Debug|Any CPU.ActiveCfg = Debug|Any CPU
		{41D4B4E2-EC86-4CC3-BC32-05D4252650A5}.Debug|Any CPU.Build.0 = Debug|Any CPU
		{41D4B4E2-EC86-4CC3-BC32-05D4252650A5}.Release|Any CPU.ActiveCfg = Release|Any CPU
		{41D4B4E2-EC86-4CC3-BC32-05D4252650A5}.Release|Any CPU.Build.0 = Release|Any CPU
		{E66315DD-CED0-4B34-A092-80B5852A37DF}.Debug|Any CPU.ActiveCfg = Debug|Any CPU
		{E66315DD-CED0-4B34-A092-80B5852A37DF}.Debug|Any CPU.Build.0 = Debug|Any CPU
		{E66315DD-CED0-4B34-A092-80B5852A37DF}.Release|Any CPU.ActiveCfg = Release|Any CPU
		{E66315DD-CED0-4B34-A092-80B5852A37DF}.Release|Any CPU.Build.0 = Release|Any CPU
		{3E2A3B10-91FC-4BA9-B606-E47A66792C67}.Debug|Any CPU.ActiveCfg = Debug|Any CPU
		{3E2A3B10-91FC-4BA9-B606-E47A66792C67}.Debug|Any CPU.Build.0 = Debug|Any CPU
		{3E2A3B10-91FC-4BA9-B606-E47A66792C67}.Release|Any CPU.ActiveCfg = Release|Any CPU
		{3E2A3B10-91FC-4BA9-B606-E47A66792C67}.Release|Any CPU.Build.0 = Release|Any CPU
	EndGlobalSection
EndGlobal
